// !$*UTF8*$!
{
	archiveVersion = 1;
	classes = {
	};
	objectVersion = 50;
	objects = {

/* Begin PBXBuildFile section */
		69E4899E21FB7CD400A5AFCD /* AppDelegate.swift in Sources */ = {isa = PBXBuildFile; fileRef = 69E4899D21FB7CD400A5AFCD /* AppDelegate.swift */; };
		69E489A021FB7CD400A5AFCD /* art.scnassets in Resources */ = {isa = PBXBuildFile; fileRef = 69E4899F21FB7CD400A5AFCD /* art.scnassets */; };
		69E489A221FB7CD400A5AFCD /* ViewController.swift in Sources */ = {isa = PBXBuildFile; fileRef = 69E489A121FB7CD400A5AFCD /* ViewController.swift */; };
		69E489A521FB7CD400A5AFCD /* Main.storyboard in Resources */ = {isa = PBXBuildFile; fileRef = 69E489A321FB7CD400A5AFCD /* Main.storyboard */; };
		69E489A721FB7CD800A5AFCD /* Assets.xcassets in Resources */ = {isa = PBXBuildFile; fileRef = 69E489A621FB7CD800A5AFCD /* Assets.xcassets */; };
		69E489AA21FB7CD800A5AFCD /* LaunchScreen.storyboard in Resources */ = {isa = PBXBuildFile; fileRef = 69E489A821FB7CD800A5AFCD /* LaunchScreen.storyboard */; };
/* End PBXBuildFile section */

/* Begin PBXFileReference section */
		69E4899A21FB7CD400A5AFCD /* SceneKit Primitives.app */ = {isa = PBXFileReference; explicitFileType = wrapper.application; includeInIndex = 0; path = "SceneKit Primitives.app"; sourceTree = BUILT_PRODUCTS_DIR; };
		69E4899D21FB7CD400A5AFCD /* AppDelegate.swift */ = {isa = PBXFileReference; lastKnownFileType = sourcecode.swift; path = AppDelegate.swift; sourceTree = "<group>"; };
		69E4899F21FB7CD400A5AFCD /* art.scnassets */ = {isa = PBXFileReference; lastKnownFileType = wrapper.scnassets; path = art.scnassets; sourceTree = "<group>"; };
		69E489A121FB7CD400A5AFCD /* ViewController.swift */ = {isa = PBXFileReference; lastKnownFileType = sourcecode.swift; path = ViewController.swift; sourceTree = "<group>"; };
		69E489A421FB7CD400A5AFCD /* Base */ = {isa = PBXFileReference; lastKnownFileType = file.storyboard; name = Base; path = Base.lproj/Main.storyboard; sourceTree = "<group>"; };
		69E489A621FB7CD800A5AFCD /* Assets.xcassets */ = {isa = PBXFileReference; lastKnownFileType = folder.assetcatalog; path = Assets.xcassets; sourceTree = "<group>"; };
		69E489A921FB7CD800A5AFCD /* Base */ = {isa = PBXFileReference; lastKnownFileType = file.storyboard; name = Base; path = Base.lproj/LaunchScreen.storyboard; sourceTree = "<group>"; };
		69E489AB21FB7CD800A5AFCD /* Info.plist */ = {isa = PBXFileReference; lastKnownFileType = text.plist.xml; path = Info.plist; sourceTree = "<group>"; };
/* End PBXFileReference section */

/* Begin PBXFrameworksBuildPhase section */
		69E4899721FB7CD400A5AFCD /* Frameworks */ = {
			isa = PBXFrameworksBuildPhase;
			buildActionMask = 2147483647;
			files = (
			);
			runOnlyForDeploymentPostprocessing = 0;
		};
/* End PBXFrameworksBuildPhase section */

/* Begin PBXGroup section */
		69E4899121FB7CD300A5AFCD = {
			isa = PBXGroup;
			children = (
				69E4899C21FB7CD400A5AFCD /* SceneKit Primitives */,
				69E4899B21FB7CD400A5AFCD /* Products */,
			);
			sourceTree = "<group>";
		};
		69E4899B21FB7CD400A5AFCD /* Products */ = {
			isa = PBXGroup;
			children = (
				69E4899A21FB7CD400A5AFCD /* SceneKit Primitives.app */,
			);
			name = Products;
			sourceTree = "<group>";
		};
		69E4899C21FB7CD400A5AFCD /* SceneKit Primitives */ = {
			isa = PBXGroup;
			children = (
				69E4899D21FB7CD400A5AFCD /* AppDelegate.swift */,
				69E4899F21FB7CD400A5AFCD /* art.scnassets */,
				69E489A121FB7CD400A5AFCD /* ViewController.swift */,
				69E489A321FB7CD400A5AFCD /* Main.storyboard */,
				69E489A621FB7CD800A5AFCD /* Assets.xcassets */,
				69E489A821FB7CD800A5AFCD /* LaunchScreen.storyboard */,
				69E489AB21FB7CD800A5AFCD /* Info.plist */,
			);
			path = "SceneKit Primitives";
			sourceTree = "<group>";
		};
/* End PBXGroup section */

/* Begin PBXNativeTarget section */
		69E4899921FB7CD400A5AFCD /* SceneKit Primitives */ = {
			isa = PBXNativeTarget;
			buildConfigurationList = 69E489AE21FB7CD800A5AFCD /* Build configuration list for PBXNativeTarget "SceneKit Primitives" */;
			buildPhases = (
				69E4899621FB7CD400A5AFCD /* Sources */,
				69E4899721FB7CD400A5AFCD /* Frameworks */,
				69E4899821FB7CD400A5AFCD /* Resources */,
			);
			buildRules = (
			);
			dependencies = (
			);
			name = "SceneKit Primitives";
			productName = "SceneKit Primitives";
			productReference = 69E4899A21FB7CD400A5AFCD /* SceneKit Primitives.app */;
			productType = "com.apple.product-type.application";
		};
/* End PBXNativeTarget section */

/* Begin PBXProject section */
		69E4899221FB7CD300A5AFCD /* Project object */ = {
			isa = PBXProject;
			attributes = {
				LastSwiftUpdateCheck = 1010;
				LastUpgradeCheck = 1010;
				ORGANIZATIONNAME = "Denis Bystruev";
				TargetAttributes = {
					69E4899921FB7CD400A5AFCD = {
						CreatedOnToolsVersion = 10.1;
					};
				};
			};
			buildConfigurationList = 69E4899521FB7CD300A5AFCD /* Build configuration list for PBXProject "SceneKit Primitives" */;
			compatibilityVersion = "Xcode 9.3";
			developmentRegion = en;
			hasScannedForEncodings = 0;
			knownRegions = (
				en,
				Base,
			);
			mainGroup = 69E4899121FB7CD300A5AFCD;
			productRefGroup = 69E4899B21FB7CD400A5AFCD /* Products */;
			projectDirPath = "";
			projectRoot = "";
			targets = (
				69E4899921FB7CD400A5AFCD /* SceneKit Primitives */,
			);
		};
/* End PBXProject section */

/* Begin PBXResourcesBuildPhase section */
		69E4899821FB7CD400A5AFCD /* Resources */ = {
			isa = PBXResourcesBuildPhase;
			buildActionMask = 2147483647;
			files = (
				69E489A021FB7CD400A5AFCD /* art.scnassets in Resources */,
				69E489AA21FB7CD800A5AFCD /* LaunchScreen.storyboard in Resources */,
				69E489A721FB7CD800A5AFCD /* Assets.xcassets in Resources */,
				69E489A521FB7CD400A5AFCD /* Main.storyboard in Resources */,
			);
			runOnlyForDeploymentPostprocessing = 0;
		};
/* End PBXResourcesBuildPhase section */

/* Begin PBXSourcesBuildPhase section */
		69E4899621FB7CD400A5AFCD /* Sources */ = {
			isa = PBXSourcesBuildPhase;
			buildActionMask = 2147483647;
			files = (
				69E489A221FB7CD400A5AFCD /* ViewController.swift in Sources */,
				69E4899E21FB7CD400A5AFCD /* AppDelegate.swift in Sources */,
			);
			runOnlyForDeploymentPostprocessing = 0;
		};
/* End PBXSourcesBuildPhase section */

/* Begin PBXVariantGroup section */
		69E489A321FB7CD400A5AFCD /* Main.storyboard */ = {
			isa = PBXVariantGroup;
			children = (
				69E489A421FB7CD400A5AFCD /* Base */,
			);
			name = Main.storyboard;
			sourceTree = "<group>";
		};
		69E489A821FB7CD800A5AFCD /* LaunchScreen.storyboard */ = {
			isa = PBXVariantGroup;
			children = (
				69E489A921FB7CD800A5AFCD /* Base */,
			);
			name = LaunchScreen.storyboard;
			sourceTree = "<group>";
		};
/* End PBXVariantGroup section */

/* Begin XCBuildConfiguration section */
		69E489AC21FB7CD800A5AFCD /* Debug */ = {
			isa = XCBuildConfiguration;
			buildSettings = {
				ALWAYS_SEARCH_USER_PATHS = NO;
				CLANG_ANALYZER_NONNULL = YES;
				CLANG_ANALYZER_NUMBER_OBJECT_CONVERSION = YES_AGGRESSIVE;
				CLANG_CXX_LANGUAGE_STANDARD = "gnu++14";
				CLANG_CXX_LIBRARY = "libc++";
				CLANG_ENABLE_MODULES = YES;
				CLANG_ENABLE_OBJC_ARC = YES;
				CLANG_ENABLE_OBJC_WEAK = YES;
				CLANG_WARN_BLOCK_CAPTURE_AUTORELEASING = YES;
				CLANG_WARN_BOOL_CONVERSION = YES;
				CLANG_WARN_COMMA = YES;
				CLANG_WARN_CONSTANT_CONVERSION = YES;
				CLANG_WARN_DEPRECATED_OBJC_IMPLEMENTATIONS = YES;
				CLANG_WARN_DIRECT_OBJC_ISA_USAGE = YES_ERROR;
				CLANG_WARN_DOCUMENTATION_COMMENTS = YES;
				CLANG_WARN_EMPTY_BODY = YES;
				CLANG_WARN_ENUM_CONVERSION = YES;
				CLANG_WARN_INFINITE_RECURSION = YES;
				CLANG_WARN_INT_CONVERSION = YES;
				CLANG_WARN_NON_LITERAL_NULL_CONVERSION = YES;
				CLANG_WARN_OBJC_IMPLICIT_RETAIN_SELF = YES;
				CLANG_WARN_OBJC_LITERAL_CONVERSION = YES;
				CLANG_WARN_OBJC_ROOT_CLASS = YES_ERROR;
				CLANG_WARN_RANGE_LOOP_ANALYSIS = YES;
				CLANG_WARN_STRICT_PROTOTYPES = YES;
				CLANG_WARN_SUSPICIOUS_MOVE = YES;
				CLANG_WARN_UNGUARDED_AVAILABILITY = YES_AGGRESSIVE;
				CLANG_WARN_UNREACHABLE_CODE = YES;
				CLANG_WARN__DUPLICATE_METHOD_MATCH = YES;
				CODE_SIGN_IDENTITY = "iPhone Developer";
				COPY_PHASE_STRIP = NO;
				DEBUG_INFORMATION_FORMAT = dwarf;
				ENABLE_STRICT_OBJC_MSGSEND = YES;
				ENABLE_TESTABILITY = YES;
				GCC_C_LANGUAGE_STANDARD = gnu11;
				GCC_DYNAMIC_NO_PIC = NO;
				GCC_NO_COMMON_BLOCKS = YES;
				GCC_OPTIMIZATION_LEVEL = 0;
				GCC_PREPROCESSOR_DEFINITIONS = (
					"DEBUG=1",
					"$(inherited)",
				);
				GCC_WARN_64_TO_32_BIT_CONVERSION = YES;
				GCC_WARN_ABOUT_RETURN_TYPE = YES_ERROR;
				GCC_WARN_UNDECLARED_SELECTOR = YES;
				GCC_WARN_UNINITIALIZED_AUTOS = YES_AGGRESSIVE;
				GCC_WARN_UNUSED_FUNCTION = YES;
				GCC_WARN_UNUSED_VARIABLE = YES;
				IPHONEOS_DEPLOYMENT_TARGET = 12.1;
				MTL_ENABLE_DEBUG_INFO = INCLUDE_SOURCE;
				MTL_FAST_MATH = YES;
				ONLY_ACTIVE_ARCH = YES;
				SDKROOT = iphoneos;
				SWIFT_ACTIVE_COMPILATION_CONDITIONS = DEBUG;
				SWIFT_OPTIMIZATION_LEVEL = "-Onone";
			};
			name = Debug;
		};
		69E489AD21FB7CD800A5AFCD /* Release */ = {
			isa = XCBuildConfiguration;
			buildSettings = {
				ALWAYS_SEARCH_USER_PATHS = NO;
				CLANG_ANALYZER_NONNULL = YES;
				CLANG_ANALYZER_NUMBER_OBJECT_CONVERSION = YES_AGGRESSIVE;
				CLANG_CXX_LANGUAGE_STANDARD = "gnu++14";
				CLANG_CXX_LIBRARY = "libc++";
				CLANG_ENABLE_MODULES = YES;
				CLANG_ENABLE_OBJC_ARC = YES;
				CLANG_ENABLE_OBJC_WEAK = YES;
				CLANG_WARN_BLOCK_CAPTURE_AUTORELEASING = YES;
				CLANG_WARN_BOOL_CONVERSION = YES;
				CLANG_WARN_COMMA = YES;
				CLANG_WARN_CONSTANT_CONVERSION = YES;
				CLANG_WARN_DEPRECATED_OBJC_IMPLEMENTATIONS = YES;
				CLANG_WARN_DIRECT_OBJC_ISA_USAGE = YES_ERROR;
				CLANG_WARN_DOCUMENTATION_COMMENTS = YES;
				CLANG_WARN_EMPTY_BODY = YES;
				CLANG_WARN_ENUM_CONVERSION = YES;
				CLANG_WARN_INFINITE_RECURSION = YES;
				CLANG_WARN_INT_CONVERSION = YES;
				CLANG_WARN_NON_LITERAL_NULL_CONVERSION = YES;
				CLANG_WARN_OBJC_IMPLICIT_RETAIN_SELF = YES;
				CLANG_WARN_OBJC_LITERAL_CONVERSION = YES;
				CLANG_WARN_OBJC_ROOT_CLASS = YES_ERROR;
				CLANG_WARN_RANGE_LOOP_ANALYSIS = YES;
				CLANG_WARN_STRICT_PROTOTYPES = YES;
				CLANG_WARN_SUSPICIOUS_MOVE = YES;
				CLANG_WARN_UNGUARDED_AVAILABILITY = YES_AGGRESSIVE;
				CLANG_WARN_UNREACHABLE_CODE = YES;
				CLANG_WARN__DUPLICATE_METHOD_MATCH = YES;
				CODE_SIGN_IDENTITY = "iPhone Developer";
				COPY_PHASE_STRIP = NO;
				DEBUG_INFORMATION_FORMAT = "dwarf-with-dsym";
				ENABLE_NS_ASSERTIONS = NO;
				ENABLE_STRICT_OBJC_MSGSEND = YES;
				GCC_C_LANGUAGE_STANDARD = gnu11;
				GCC_NO_COMMON_BLOCKS = YES;
				GCC_WARN_64_TO_32_BIT_CONVERSION = YES;
				GCC_WARN_ABOUT_RETURN_TYPE = YES_ERROR;
				GCC_WARN_UNDECLARED_SELECTOR = YES;
				GCC_WARN_UNINITIALIZED_AUTOS = YES_AGGRESSIVE;
				GCC_WARN_UNUSED_FUNCTION = YES;
				GCC_WARN_UNUSED_VARIABLE = YES;
				IPHONEOS_DEPLOYMENT_TARGET = 12.1;
				MTL_ENABLE_DEBUG_INFO = NO;
				MTL_FAST_MATH = YES;
				SDKROOT = iphoneos;
				SWIFT_COMPILATION_MODE = wholemodule;
				SWIFT_OPTIMIZATION_LEVEL = "-O";
				VALIDATE_PRODUCT = YES;
			};
			name = Release;
		};
		69E489AF21FB7CD800A5AFCD /* Debug */ = {
			isa = XCBuildConfiguration;
			buildSettings = {
				ASSETCATALOG_COMPILER_APPICON_NAME = AppIcon;
				CODE_SIGN_STYLE = Automatic;
				DEVELOPMENT_TEAM = 8J39KF9DMS;
				INFOPLIST_FILE = "SceneKit Primitives/Info.plist";
				LD_RUNPATH_SEARCH_PATHS = (
					"$(inherited)",
					"@executable_path/Frameworks",
				);
				PRODUCT_BUNDLE_IDENTIFIER = "ru.learnSwift.SceneKit-Primitives";
				PRODUCT_NAME = "$(TARGET_NAME)";
				SWIFT_VERSION = 4.2;
				TARGETED_DEVICE_FAMILY = "1,2";
			};
			name = Debug;
		};
		69E489B021FB7CD800A5AFCD /* Release */ = {
			isa = XCBuildConfiguration;
			buildSettings = {
				ASSETCATALOG_COMPILER_APPICON_NAME = AppIcon;
				CODE_SIGN_STYLE = Automatic;
				DEVELOPMENT_TEAM = 8J39KF9DMS;
				INFOPLIST_FILE = "SceneKit Primitives/Info.plist";
				LD_RUNPATH_SEARCH_PATHS = (
					"$(inherited)",
					"@executable_path/Frameworks",
				);
				PRODUCT_BUNDLE_IDENTIFIER = "ru.learnSwift.SceneKit-Primitives";
				PRODUCT_NAME = "$(TARGET_NAME)";
				SWIFT_VERSION = 4.2;
				TARGETED_DEVICE_FAMILY = "1,2";
			};
			name = Release;
		};
/* End XCBuildConfiguration section */

/* Begin XCConfigurationList section */
		69E4899521FB7CD300A5AFCD /* Build configuration list for PBXProject "SceneKit Primitives" */ = {
			isa = XCConfigurationList;
			buildConfigurations = (
				69E489AC21FB7CD800A5AFCD /* Debug */,
				69E489AD21FB7CD800A5AFCD /* Release */,
			);
			defaultConfigurationIsVisible = 0;
			defaultConfigurationName = Release;
		};
		69E489AE21FB7CD800A5AFCD /* Build configuration list for PBXNativeTarget "SceneKit Primitives" */ = {
			isa = XCConfigurationList;
			buildConfigurations = (
				69E489AF21FB7CD800A5AFCD /* Debug */,
				69E489B021FB7CD800A5AFCD /* Release */,
			);
			defaultConfigurationIsVisible = 0;
			defaultConfigurationName = Release;
		};
/* End XCConfigurationList section */
	};
	rootObject = 69E4899221FB7CD300A5AFCD /* Project object */;
}
